
Microsoft Visual Studio Solution File, Format Version 12.00
# Visual Studio Version 17
VisualStudioVersion = 17.8.34309.116
MinimumVisualStudioVersion = 10.0.40219.1
Project("{9A19103F-16F7-4668-BE54-9A1E7A4F7556}") = "Integration_Sales_Order_Test", "Integration_Sales_Order_Test\Integration_Sales_Order_Test.csproj", "{398E02BA-4568-4A5A-B62D-B1D6B3D1AB31}"
EndProject
Project("{FAE04EC0-301F-11D3-BF4B-00C04F79EFBC}") = "Integration_TestCases", "Integration_TestCases\Integration_TestCases.csproj", "{C63DCE65-81DD-4EA0-8CC0-32C4DDBB370E}"
EndProject
Global
	GlobalSection(SolutionConfigurationPlatforms) = preSolution
		Debug|Any CPU = Debug|Any CPU
		Release|Any CPU = Release|Any CPU
	EndGlobalSection
	GlobalSection(ProjectConfigurationPlatforms) = postSolution
		{398E02BA-4568-4A5A-B62D-B1D6B3D1AB31}.Debug|Any CPU.ActiveCfg = Debug|Any CPU
		{398E02BA-4568-4A5A-B62D-B1D6B3D1AB31}.Debug|Any CPU.Build.0 = Debug|Any CPU
		{398E02BA-4568-4A5A-B62D-B1D6B3D1AB31}.Release|Any CPU.ActiveCfg = Release|Any CPU
		{398E02BA-4568-4A5A-B62D-B1D6B3D1AB31}.Release|Any CPU.Build.0 = Release|Any CPU
		{C63DCE65-81DD-4EA0-8CC0-32C4DDBB370E}.Debug|Any CPU.ActiveCfg = Debug|Any CPU
		{C63DCE65-81DD-4EA0-8CC0-32C4DDBB370E}.Debug|Any CPU.Build.0 = Debug|Any CPU
		{C63DCE65-81DD-4EA0-8CC0-32C4DDBB370E}.Release|Any CPU.ActiveCfg = Release|Any CPU
		{C63DCE65-81DD-4EA0-8CC0-32C4DDBB370E}.Release|Any CPU.Build.0 = Release|Any CPU
	EndGlobalSection
	GlobalSection(SolutionProperties) = preSolution
		HideSolutionNode = FALSE
	EndGlobalSection
	GlobalSection(ExtensibilityGlobals) = postSolution
		SolutionGuid = {7C7F5AE8-5C1B-42BF-AEA9-641DE91764C9}
	EndGlobalSection
EndGlobal
